
Microsoft Visual Studio Solution File, Format Version 12.00
# Visual Studio Version 17
VisualStudioVersion = 17.4.33205.214
MinimumVisualStudioVersion = 10.0.40219.1
Project("{FAE04EC0-301F-11D3-BF4B-00C04F79EFBC}") = "Dapper_Application", "Dapper_Application\Dapper_Application.csproj", "{1C89205D-1A37-450C-B9CA-67790A3E4478}"
EndProject
Project("{FAE04EC0-301F-11D3-BF4B-00C04F79EFBC}") = "Dapper_Application.Data", "Dapper_Application.Data\Dapper_Application.Data.csproj", "{B2D8F734-12F1-4806-9A9E-69459BD498BF}"
EndProject
Global
	GlobalSection(SolutionConfigurationPlatforms) = preSolution
		Debug|Any CPU = Debug|Any CPU
		Release|Any CPU = Release|Any CPU
	EndGlobalSection
	GlobalSection(ProjectConfigurationPlatforms) = postSolution
		{1C89205D-1A37-450C-B9CA-67790A3E4478}.Debug|Any CPU.ActiveCfg = Debug|Any CPU
		{1C89205D-1A37-450C-B9CA-67790A3E4478}.Debug|Any CPU.Build.0 = Debug|Any CPU
		{1C89205D-1A37-450C-B9CA-67790A3E4478}.Release|Any CPU.ActiveCfg = Release|Any CPU
		{1C89205D-1A37-450C-B9CA-67790A3E4478}.Release|Any CPU.Build.0 = Release|Any CPU
		{B2D8F734-12F1-4806-9A9E-69459BD498BF}.Debug|Any CPU.ActiveCfg = Debug|Any CPU
		{B2D8F734-12F1-4806-9A9E-69459BD498BF}.Debug|Any CPU.Build.0 = Debug|Any CPU
		{B2D8F734-12F1-4806-9A9E-69459BD498BF}.Release|Any CPU.ActiveCfg = Release|Any CPU
		{B2D8F734-12F1-4806-9A9E-69459BD498BF}.Release|Any CPU.Build.0 = Release|Any CPU
	EndGlobalSection
	GlobalSection(SolutionProperties) = preSolution
		HideSolutionNode = FALSE
	EndGlobalSection
	GlobalSection(ExtensibilityGlobals) = postSolution
		SolutionGuid = {410DE026-06B8-4DA8-9E60-F87160638664}
	EndGlobalSection
EndGlobal
